
Microsoft Visual Studio Solution File, Format Version 12.00
# Visual Studio 15
VisualStudioVersion = 15.0.26228.9
MinimumVisualStudioVersion = 10.0.40219.1
Project("{8BC9CEB8-8B4A-11D0-8D11-00A0C91BC942}") = "libsignal++", "build\libsignal++.vcxproj", "{CBF5D013-1CD0-4F61-BD4B-9376D894068B}"
EndProject
Project("{8BC9CEB8-8B4A-11D0-8D11-00A0C91BC942}") = "signalclient", "build\signalclient.vcxproj", "{C1628DC3-CC26-4F16-9D79-662790E35AA1}"
EndProject
Global
	GlobalSection(SolutionConfigurationPlatforms) = preSolution
		Debug|x64 = Debug|x64
		Debug|x86 = Debug|x86
		Release|x64 = Release|x64
		Release|x86 = Release|x86
	EndGlobalSection
	GlobalSection(ProjectConfigurationPlatforms) = postSolution
		{CBF5D013-1CD0-4F61-BD4B-9376D894068B}.Debug|x64.ActiveCfg = Debug|x64
		{CBF5D013-1CD0-4F61-BD4B-9376D894068B}.Debug|x64.Build.0 = Debug|x64
		{CBF5D013-1CD0-4F61-BD4B-9376D894068B}.Debug|x86.ActiveCfg = Debug|Win32
		{CBF5D013-1CD0-4F61-BD4B-9376D894068B}.Debug|x86.Build.0 = Debug|Win32
		{CBF5D013-1CD0-4F61-BD4B-9376D894068B}.Release|x64.ActiveCfg = Release|x64
		{CBF5D013-1CD0-4F61-BD4B-9376D894068B}.Release|x64.Build.0 = Release|x64
		{CBF5D013-1CD0-4F61-BD4B-9376D894068B}.Release|x86.ActiveCfg = Release|Win32
		{CBF5D013-1CD0-4F61-BD4B-9376D894068B}.Release|x86.Build.0 = Release|Win32
		{C1628DC3-CC26-4F16-9D79-662790E35AA1}.Debug|x64.ActiveCfg = Debug|x64
		{C1628DC3-CC26-4F16-9D79-662790E35AA1}.Debug|x64.Build.0 = Debug|x64
		{C1628DC3-CC26-4F16-9D79-662790E35AA1}.Debug|x86.ActiveCfg = Debug|Win32
		{C1628DC3-CC26-4F16-9D79-662790E35AA1}.Debug|x86.Build.0 = Debug|Win32
		{C1628DC3-CC26-4F16-9D79-662790E35AA1}.Release|x64.ActiveCfg = Release|x64
		{C1628DC3-CC26-4F16-9D79-662790E35AA1}.Release|x64.Build.0 = Release|x64
		{C1628DC3-CC26-4F16-9D79-662790E35AA1}.Release|x86.ActiveCfg = Release|Win32
		{C1628DC3-CC26-4F16-9D79-662790E35AA1}.Release|x86.Build.0 = Release|Win32
	EndGlobalSection
	GlobalSection(SolutionProperties) = preSolution
		HideSolutionNode = FALSE
	EndGlobalSection
EndGlobal
